
Microsoft Visual Studio Solution File, Format Version 12.00
# Visual Studio Version 17
VisualStudioVersion = 17.8.34330.188
MinimumVisualStudioVersion = 10.0.40219.1
Project("{9A19103F-16F7-4668-BE54-9A1E7A4F7556}") = "Stage0", "Stage0\Stage0.csproj", "{FC7D9587-98C9-4DB4-B006-0BF5A9EEE7A3}"
EndProject
Project("{9A19103F-16F7-4668-BE54-9A1E7A4F7556}") = "DalFacade", "DalFacade\DalFacade.csproj", "{39C4778F-1C77-47CC-BB2C-818E1C154C94}"
EndProject
Project("{9A19103F-16F7-4668-BE54-9A1E7A4F7556}") = "DalList", "DalList\DalList.csproj", "{C5A0B293-35A8-4782-949B-8C248A5F080B}"
EndProject
Project("{9A19103F-16F7-4668-BE54-9A1E7A4F7556}") = "DalTest", "DalTest\DalTest.csproj", "{FA16D9CE-48C5-4634-88BC-A5DFD1D95CBF}"
EndProject
Project("{2150E333-8FDC-42A3-9474-1A3956D46DE8}") = "xml", "xml", "{F2F5C23D-D8A2-42FF-98F8-D51AEA62EBA9}"
	ProjectSection(SolutionItems) = preProject
		xml\data-config.xml = xml\data-config.xml
		xml\dependencies.xml = xml\dependencies.xml
		xml\engineers.xml = xml\engineers.xml
		xml\tasks.xml = xml\tasks.xml
	EndProjectSection
EndProject
Project("{9A19103F-16F7-4668-BE54-9A1E7A4F7556}") = "DalXml", "DalXml\DalXml.csproj", "{CE35EC26-F9BB-4C43-81D1-B630BADD01AB}"
EndProject
Global
	GlobalSection(SolutionConfigurationPlatforms) = preSolution
		Debug|Any CPU = Debug|Any CPU
		Release|Any CPU = Release|Any CPU
	EndGlobalSection
	GlobalSection(ProjectConfigurationPlatforms) = postSolution
		{FC7D9587-98C9-4DB4-B006-0BF5A9EEE7A3}.Debug|Any CPU.ActiveCfg = Debug|Any CPU
		{FC7D9587-98C9-4DB4-B006-0BF5A9EEE7A3}.Debug|Any CPU.Build.0 = Debug|Any CPU
		{FC7D9587-98C9-4DB4-B006-0BF5A9EEE7A3}.Release|Any CPU.ActiveCfg = Release|Any CPU
		{FC7D9587-98C9-4DB4-B006-0BF5A9EEE7A3}.Release|Any CPU.Build.0 = Release|Any CPU
		{39C4778F-1C77-47CC-BB2C-818E1C154C94}.Debug|Any CPU.ActiveCfg = Debug|Any CPU
		{39C4778F-1C77-47CC-BB2C-818E1C154C94}.Debug|Any CPU.Build.0 = Debug|Any CPU
		{39C4778F-1C77-47CC-BB2C-818E1C154C94}.Release|Any CPU.ActiveCfg = Release|Any CPU
		{39C4778F-1C77-47CC-BB2C-818E1C154C94}.Release|Any CPU.Build.0 = Release|Any CPU
		{C5A0B293-35A8-4782-949B-8C248A5F080B}.Debug|Any CPU.ActiveCfg = Debug|Any CPU
		{C5A0B293-35A8-4782-949B-8C248A5F080B}.Debug|Any CPU.Build.0 = Debug|Any CPU
		{C5A0B293-35A8-4782-949B-8C248A5F080B}.Release|Any CPU.ActiveCfg = Release|Any CPU
		{C5A0B293-35A8-4782-949B-8C248A5F080B}.Release|Any CPU.Build.0 = Release|Any CPU
		{FA16D9CE-48C5-4634-88BC-A5DFD1D95CBF}.Debug|Any CPU.ActiveCfg = Debug|Any CPU
		{FA16D9CE-48C5-4634-88BC-A5DFD1D95CBF}.Debug|Any CPU.Build.0 = Debug|Any CPU
		{FA16D9CE-48C5-4634-88BC-A5DFD1D95CBF}.Release|Any CPU.ActiveCfg = Release|Any CPU
		{FA16D9CE-48C5-4634-88BC-A5DFD1D95CBF}.Release|Any CPU.Build.0 = Release|Any CPU
		{CE35EC26-F9BB-4C43-81D1-B630BADD01AB}.Debug|Any CPU.ActiveCfg = Debug|Any CPU
		{CE35EC26-F9BB-4C43-81D1-B630BADD01AB}.Debug|Any CPU.Build.0 = Debug|Any CPU
		{CE35EC26-F9BB-4C43-81D1-B630BADD01AB}.Release|Any CPU.ActiveCfg = Release|Any CPU
		{CE35EC26-F9BB-4C43-81D1-B630BADD01AB}.Release|Any CPU.Build.0 = Release|Any CPU
	EndGlobalSection
	GlobalSection(SolutionProperties) = preSolution
		HideSolutionNode = FALSE
	EndGlobalSection
	GlobalSection(ExtensibilityGlobals) = postSolution
		SolutionGuid = {81066AC9-D34A-44ED-BF05-234764F84041}
	EndGlobalSection
EndGlobal
